
Microsoft Visual Studio Solution File, Format Version 12.00
# Visual Studio 15
Project("{FAE04EC0-301F-11D3-BF4B-00C04F79EFBC}") = "Unity.Timeline", "Unity.Timeline.csproj", "{0E3E6892-7E78-E7D6-84B4-6955426F78D8}"
EndProject
Project("{FAE04EC0-301F-11D3-BF4B-00C04F79EFBC}") = "UnityEngine.Advertisements.Editor", "UnityEngine.Advertisements.Editor.csproj", "{4E0FF02E-70EA-30C4-6BDB-40E4FB56EC67}"
EndProject
Project("{FAE04EC0-301F-11D3-BF4B-00C04F79EFBC}") = "Unity.Services.Core.Internal", "Unity.Services.Core.Internal.csproj", "{319DB075-CC8F-4929-1D48-2D817B9BB5BA}"
EndProject
Project("{FAE04EC0-301F-11D3-BF4B-00C04F79EFBC}") = "Unity.VisualScripting.Flow", "Unity.VisualScripting.Flow.csproj", "{6D3F4CC2-43D3-4AC8-27F0-ED1594789905}"
EndProject
Project("{FAE04EC0-301F-11D3-BF4B-00C04F79EFBC}") = "Unity.Timeline.Editor", "Unity.Timeline.Editor.csproj", "{8C13F504-EA7F-3406-B10B-D90D8999A6DB}"
EndProject
Project("{FAE04EC0-301F-11D3-BF4B-00C04F79EFBC}") = "Unity.PlasticSCM.Editor", "Unity.PlasticSCM.Editor.csproj", "{A7FA59DF-9A53-D93D-B472-891BE41B4DC8}"
EndProject
Project("{FAE04EC0-301F-11D3-BF4B-00C04F79EFBC}") = "UnityEditor.Purchasing", "UnityEditor.Purchasing.csproj", "{B05B5748-5B3B-5E5E-88C5-950BF4935AA7}"
EndProject
Project("{FAE04EC0-301F-11D3-BF4B-00C04F79EFBC}") = "Unity.VisualScripting.Core.Editor", "Unity.VisualScripting.Core.Editor.csproj", "{C145B19B-6EA1-E8C1-8E0A-9B64F189329D}"
EndProject
Project("{FAE04EC0-301F-11D3-BF4B-00C04F79EFBC}") = "UnityEngine.Purchasing.Stores", "UnityEngine.Purchasing.Stores.csproj", "{D0DC2985-6090-DF5E-6DC2-AF6BDE758FD5}"
EndProject
Project("{FAE04EC0-301F-11D3-BF4B-00C04F79EFBC}") = "UnityEngine.Advertisements", "UnityEngine.Advertisements.csproj", "{6C0EF1EF-F040-8DE6-AF3F-883CD1F9056D}"
EndProject
Project("{FAE04EC0-301F-11D3-BF4B-00C04F79EFBC}") = "UnityEngine.UI", "UnityEngine.UI.csproj", "{98EC7E9C-EF10-3D27-CB7F-2CB2A04DA78D}"
EndProject
Project("{FAE04EC0-301F-11D3-BF4B-00C04F79EFBC}") = "UnityEditor.TestRunner", "UnityEditor.TestRunner.csproj", "{C52F57E5-B685-20D9-4366-D1BF76274F14}"
EndProject
Project("{FAE04EC0-301F-11D3-BF4B-00C04F79EFBC}") = "UnityEngine.TestRunner", "UnityEngine.TestRunner.csproj", "{ED888384-CA4B-07ED-C722-7E9DE552608D}"
EndProject
Project("{FAE04EC0-301F-11D3-BF4B-00C04F79EFBC}") = "Unity.VisualScripting.Core", "Unity.VisualScripting.Core.csproj", "{554BA543-A96C-269B-1D3F-127264C696DE}"
EndProject
Project("{FAE04EC0-301F-11D3-BF4B-00C04F79EFBC}") = "Unity.VisualScripting.Flow.Editor", "Unity.VisualScripting.Flow.Editor.csproj", "{57EDA2BB-9D94-5EDB-B9B0-C0C224BE4B6E}"
EndProject
Project("{FAE04EC0-301F-11D3-BF4B-00C04F79EFBC}") = "Unity.2D.Tilemap.Editor", "Unity.2D.Tilemap.Editor.csproj", "{706FE951-F007-1E03-CDF5-817C09C4731C}"
EndProject
Project("{FAE04EC0-301F-11D3-BF4B-00C04F79EFBC}") = "Unity.Services.Core.Environments.Editor", "Unity.Services.Core.Environments.Editor.csproj", "{F9D55CC6-E909-CD22-585D-D6F211DE243A}"
EndProject
Project("{FAE04EC0-301F-11D3-BF4B-00C04F79EFBC}") = "UnityEngine.Purchasing", "UnityEngine.Purchasing.csproj", "{252BDEEB-E1B9-3678-FAB4-CCBFAF9AC81C}"
EndProject
Project("{FAE04EC0-301F-11D3-BF4B-00C04F79EFBC}") = "Unity.AI.Navigation.Editor", "Unity.AI.Navigation.Editor.csproj", "{9DB7A842-07AF-1EDB-6035-FA5D2218A8BC}"
EndProject
Project("{FAE04EC0-301F-11D3-BF4B-00C04F79EFBC}") = "Unity.Services.Analytics", "Unity.Services.Analytics.csproj", "{04D5DCE8-7E04-9149-0D47-828A5F11B83C}"
EndProject
Project("{FAE04EC0-301F-11D3-BF4B-00C04F79EFBC}") = "Unity.VisualStudio.Editor", "Unity.VisualStudio.Editor.csproj", "{9075E8A2-D249-251B-9D2A-60779DA5BF3C}"
EndProject
Project("{FAE04EC0-301F-11D3-BF4B-00C04F79EFBC}") = "IAPResolver", "IAPResolver.csproj", "{F662A1E4-15F0-33F3-9012-04061FEC4508}"
EndProject
Project("{FAE04EC0-301F-11D3-BF4B-00C04F79EFBC}") = "Unity.TextMeshPro.Editor", "Unity.TextMeshPro.Editor.csproj", "{97DD3D4C-A878-F12F-3D96-A06CA5204063}"
EndProject
Project("{FAE04EC0-301F-11D3-BF4B-00C04F79EFBC}") = "Unity.TestTools.CodeCoverage.Editor.OpenCover.Model", "Unity.TestTools.CodeCoverage.Editor.OpenCover.Model.csproj", "{6CF4E7E9-AF1C-4306-5F06-AE0165BB56C3}"
EndProject
Project("{FAE04EC0-301F-11D3-BF4B-00C04F79EFBC}") = "Unity.Rider.Editor", "Unity.Rider.Editor.csproj", "{97842D90-4DF1-795E-83D8-CCB49FC64302}"
EndProject
Project("{FAE04EC0-301F-11D3-BF4B-00C04F79EFBC}") = "Unity.Services.Core.Configuration", "Unity.Services.Core.Configuration.csproj", "{0952961F-CC45-10A3-6276-CC60D13DA621}"
EndProject
Project("{FAE04EC0-301F-11D3-BF4B-00C04F79EFBC}") = "Unity.AI.Navigation.Editor.ConversionSystem", "Unity.AI.Navigation.Editor.ConversionSystem.csproj", "{4EF9D1C7-9FB4-50D8-48CE-5163E5C5294E}"
EndProject
Project("{FAE04EC0-301F-11D3-BF4B-00C04F79EFBC}") = "Unity.VisualScripting.State.Editor", "Unity.VisualScripting.State.Editor.csproj", "{3B9392E6-CDE1-3A7F-1973-5678D56CC1A3}"
EndProject
Project("{FAE04EC0-301F-11D3-BF4B-00C04F79EFBC}") = "Unity.TestTools.CodeCoverage.Editor", "Unity.TestTools.CodeCoverage.Editor.csproj", "{B32621AE-FCD3-864D-BEF7-ADDE3BB1D253}"
EndProject
Project("{FAE04EC0-301F-11D3-BF4B-00C04F79EFBC}") = "Unity.Services.Core.Editor", "Unity.Services.Core.Editor.csproj", "{6C480B5B-0795-7851-6617-4D46F260AA72}"
EndProject
Project("{FAE04EC0-301F-11D3-BF4B-00C04F79EFBC}") = "Unity.Services.Core.Configuration.Editor", "Unity.Services.Core.Configuration.Editor.csproj", "{357735BE-47B7-E8D1-01CF-B0D6340AABC5}"
EndProject
Project("{FAE04EC0-301F-11D3-BF4B-00C04F79EFBC}") = "Unity.Services.Core", "Unity.Services.Core.csproj", "{CC16C4D0-C242-E12C-EB15-51FFBDBA4986}"
EndProject
Project("{FAE04EC0-301F-11D3-BF4B-00C04F79EFBC}") = "Unity.AI.Navigation", "Unity.AI.Navigation.csproj", "{5904568D-3BA8-CA61-32CE-1928F7FE15E4}"
EndProject
Project("{FAE04EC0-301F-11D3-BF4B-00C04F79EFBC}") = "Unity.VisualScripting.State", "Unity.VisualScripting.State.csproj", "{44DDD38F-D917-9638-F2D6-BEF9E7DFAEDC}"
EndProject
Project("{FAE04EC0-301F-11D3-BF4B-00C04F79EFBC}") = "Assembly-CSharp", "Assembly-CSharp.csproj", "{01EC508E-9965-DADC-81C2-04CEEEBD7681}"
EndProject
Project("{FAE04EC0-301F-11D3-BF4B-00C04F79EFBC}") = "Unity.Performance.Profile-Analyzer.Editor", "Unity.Performance.Profile-Analyzer.Editor.csproj", "{38035910-C0A9-FBEB-D16A-9AB0893BE8AE}"
EndProject
Project("{FAE04EC0-301F-11D3-BF4B-00C04F79EFBC}") = "UnityEditor.UI", "UnityEditor.UI.csproj", "{C2624AF5-C94F-84DA-20D7-B60A00819EE6}"
EndProject
Project("{FAE04EC0-301F-11D3-BF4B-00C04F79EFBC}") = "Unity.TextMeshPro", "Unity.TextMeshPro.csproj", "{F350D2EE-4B73-C311-6777-54F1F984C654}"
EndProject
Project("{FAE04EC0-301F-11D3-BF4B-00C04F79EFBC}") = "Unity.VisualScripting.SettingsProvider.Editor", "Unity.VisualScripting.SettingsProvider.Editor.csproj", "{25B53805-8B23-51D2-931F-81252ADBEF86}"
EndProject
Project("{FAE04EC0-301F-11D3-BF4B-00C04F79EFBC}") = "Unity.Services.Analytics.Editor", "Unity.Services.Analytics.Editor.csproj", "{DFF9A56C-B9FE-DCA6-DAB3-B959E27B95EF}"
EndProject
Project("{FAE04EC0-301F-11D3-BF4B-00C04F79EFBC}") = "Unity.TestTools.CodeCoverage.Editor.OpenCover.Mono.Reflection", "Unity.TestTools.CodeCoverage.Editor.OpenCover.Mono.Reflection.csproj", "{CDB1AD50-10E1-EF58-E98C-FAA9758CB024}"
EndProject
Project("{FAE04EC0-301F-11D3-BF4B-00C04F79EFBC}") = "UnityEngine.Purchasing.AppleMacosStub", "UnityEngine.Purchasing.AppleMacosStub.csproj", "{E6156AD9-966A-2DA7-39F4-1CE669C52C11}"
EndProject
Project("{FAE04EC0-301F-11D3-BF4B-00C04F79EFBC}") = "Unity.AI.Navigation.Updater", "Unity.AI.Navigation.Updater.csproj", "{45C5683F-91B7-378F-B9E9-EE81716DF90A}"
EndProject
Project("{FAE04EC0-301F-11D3-BF4B-00C04F79EFBC}") = "UnityEngine.Purchasing.Codeless", "UnityEngine.Purchasing.Codeless.csproj", "{C32AB909-0322-3F66-D443-E74AC825753F}"
EndProject
Project("{FAE04EC0-301F-11D3-BF4B-00C04F79EFBC}") = "Unity.Analytics.DataPrivacy", "Unity.Analytics.DataPrivacy.csproj", "{2987DA2D-14CB-7260-C6A0-4FACE5C575FC}"
EndProject
Project("{FAE04EC0-301F-11D3-BF4B-00C04F79EFBC}") = "Unity.Settings.Editor", "Unity.Settings.Editor.csproj", "{0B0DBE1E-519F-47E3-C7F7-6F782EB363EB}"
EndProject
Project("{FAE04EC0-301F-11D3-BF4B-00C04F79EFBC}") = "UnityEngine.Advertisements.DevX.Editor", "UnityEngine.Advertisements.DevX.Editor.csproj", "{DC3458F3-DDCB-E08F-ACA4-25F4BA7F5C3C}"
EndProject
Project("{FAE04EC0-301F-11D3-BF4B-00C04F79EFBC}") = "Unity.2D.Sprite.Editor", "Unity.2D.Sprite.Editor.csproj", "{2CE98CA8-8C63-8AF1-05DF-644649BFBE17}"
EndProject
Project("{FAE04EC0-301F-11D3-BF4B-00C04F79EFBC}") = "UnityEngine.Purchasing.WinRTStub", "UnityEngine.Purchasing.WinRTStub.csproj", "{21E07A27-5328-4708-D398-E8B76CE13805}"
EndProject
Project("{FAE04EC0-301F-11D3-BF4B-00C04F79EFBC}") = "Unity.Services.Core.Analytics", "Unity.Services.Core.Analytics.csproj", "{035C0DBF-07EF-CE15-0F0B-8400E33BF87F}"
EndProject
Project("{FAE04EC0-301F-11D3-BF4B-00C04F79EFBC}") = "UnityEngine.SpatialTracking", "UnityEngine.SpatialTracking.csproj", "{4C2D6A1A-E54F-436A-D6E4-C38EA9626E7A}"
EndProject
Project("{FAE04EC0-301F-11D3-BF4B-00C04F79EFBC}") = "Unity.Services.Core.Environments.Internal", "Unity.Services.Core.Environments.Internal.csproj", "{2DCC75F1-2B30-4D6F-B3B8-15C992C25888}"
EndProject
Project("{FAE04EC0-301F-11D3-BF4B-00C04F79EFBC}") = "Unity.Services.Core.Networking", "Unity.Services.Core.Networking.csproj", "{D641771D-4ACD-FA14-4D0C-7E009A9E9C68}"
EndProject
Project("{FAE04EC0-301F-11D3-BF4B-00C04F79EFBC}") = "UnityEngine.Purchasing.SecurityCore", "UnityEngine.Purchasing.SecurityCore.csproj", "{9E507822-EBD3-F1AA-4685-85E2704C9956}"
EndProject
Project("{FAE04EC0-301F-11D3-BF4B-00C04F79EFBC}") = "Unity.Services.Core.Scheduler", "Unity.Services.Core.Scheduler.csproj", "{A01FB1F8-149D-0E69-7AAF-99583F8D0D1C}"
EndProject
Project("{FAE04EC0-301F-11D3-BF4B-00C04F79EFBC}") = "Unity.Services.Core.Telemetry", "Unity.Services.Core.Telemetry.csproj", "{E92C23AD-518B-2009-56B5-FAB3BFE919F3}"
EndProject
Project("{FAE04EC0-301F-11D3-BF4B-00C04F79EFBC}") = "UnityEditor.SpatialTracking", "UnityEditor.SpatialTracking.csproj", "{E34C0617-BE24-42CA-ED26-55C2B738D47E}"
EndProject
Project("{FAE04EC0-301F-11D3-BF4B-00C04F79EFBC}") = "UnityEngine.Purchasing.WinRTCore", "UnityEngine.Purchasing.WinRTCore.csproj", "{FA59EF7F-32BA-877E-5746-1D5F827DA894}"
EndProject
Project("{FAE04EC0-301F-11D3-BF4B-00C04F79EFBC}") = "Purchasing.Common", "Purchasing.Common.csproj", "{72575BC7-AF43-4DFE-9234-5EE0976CB171}"
EndProject
Project("{FAE04EC0-301F-11D3-BF4B-00C04F79EFBC}") = "Unity.Services.Core.Threading", "Unity.Services.Core.Threading.csproj", "{C26F7164-AF44-BCAC-A8F9-A4ABD8112B8B}"
EndProject
Project("{FAE04EC0-301F-11D3-BF4B-00C04F79EFBC}") = "Unity.Services.Core.Device", "Unity.Services.Core.Device.csproj", "{48D23C95-1C1A-E318-2EAA-787701056F7F}"
EndProject
Project("{FAE04EC0-301F-11D3-BF4B-00C04F79EFBC}") = "UnityEditor.XR.LegacyInputHelpers", "UnityEditor.XR.LegacyInputHelpers.csproj", "{FAB33115-CEC2-1FA6-9638-416B06C11EFE}"
EndProject
Project("{FAE04EC0-301F-11D3-BF4B-00C04F79EFBC}") = "UnityEngine.Purchasing.AppleCore", "UnityEngine.Purchasing.AppleCore.csproj", "{4DBAF9B5-3472-C904-1C75-21A9CD8CF852}"
EndProject
Project("{FAE04EC0-301F-11D3-BF4B-00C04F79EFBC}") = "Unity.VisualScripting.Shared.Editor", "Unity.VisualScripting.Shared.Editor.csproj", "{ECE607BA-D649-E585-5153-F2CAE18CF64E}"
EndProject
Project("{FAE04EC0-301F-11D3-BF4B-00C04F79EFBC}") = "Unity.EditorCoroutines.Editor", "Unity.EditorCoroutines.Editor.csproj", "{6C4A7BB1-D1C3-1931-0505-2D289224C36E}"
EndProject
Project("{FAE04EC0-301F-11D3-BF4B-00C04F79EFBC}") = "UnityEngine.XR.LegacyInputHelpers", "UnityEngine.XR.LegacyInputHelpers.csproj", "{613A9605-C179-C149-D178-219E131D0920}"
EndProject
Project("{FAE04EC0-301F-11D3-BF4B-00C04F79EFBC}") = "UnityEngine.Purchasing.AppleStub", "UnityEngine.Purchasing.AppleStub.csproj", "{A947013E-C3E7-969B-994F-7B441661F5D0}"
EndProject
Project("{FAE04EC0-301F-11D3-BF4B-00C04F79EFBC}") = "UnityEngine.Purchasing.SecurityStub", "UnityEngine.Purchasing.SecurityStub.csproj", "{806FBFAB-8154-9D15-1C98-1B17CD590B82}"
EndProject
Project("{FAE04EC0-301F-11D3-BF4B-00C04F79EFBC}") = "Analytics", "Analytics.csproj", "{EC2DC17F-B83D-2B72-84A9-C46C4FC45920}"
EndProject
Project("{FAE04EC0-301F-11D3-BF4B-00C04F79EFBC}") = "Unity.Services.Core.Registration", "Unity.Services.Core.Registration.csproj", "{2CB0566A-1386-5085-B100-87104782AB96}"
EndProject
Project("{FAE04EC0-301F-11D3-BF4B-00C04F79EFBC}") = "Unity.Services.Core.Environments", "Unity.Services.Core.Environments.csproj", "{472A8E14-BFB4-1B47-EED8-9AF36BAE2844}"
EndProject
Project("{FAE04EC0-301F-11D3-BF4B-00C04F79EFBC}") = "Unity.CollabProxy.Editor", "Unity.CollabProxy.Editor.csproj", "{E8C7D848-0BB4-AE93-D48A-59F3BDD02DF7}"
EndProject
Project("{FAE04EC0-301F-11D3-BF4B-00C04F79EFBC}") = "Unity.Timeline", "Unity.Timeline.Player.csproj", "{78FEDB4B-0F10-383F-2E83-A44193CEBA11}"
EndProject
Project("{FAE04EC0-301F-11D3-BF4B-00C04F79EFBC}") = "Unity.Services.Core.Internal", "Unity.Services.Core.Internal.Player.csproj", "{D2937B46-F8FD-9989-EB8F-ACB782AB65A7}"
EndProject
Project("{FAE04EC0-301F-11D3-BF4B-00C04F79EFBC}") = "Unity.VisualScripting.Flow", "Unity.VisualScripting.Flow.Player.csproj", "{4211E815-F662-E37F-DA14-0FDE84BB5AF1}"
EndProject
Project("{FAE04EC0-301F-11D3-BF4B-00C04F79EFBC}") = "UnityEngine.Purchasing.Stores", "UnityEngine.Purchasing.Stores.Player.csproj", "{1F76BD0A-3163-4DB2-5276-95F67ECA2DC5}"
EndProject
Project("{FAE04EC0-301F-11D3-BF4B-00C04F79EFBC}") = "UnityEngine.Advertisements", "UnityEngine.Advertisements.Player.csproj", "{473E371A-6A32-0E19-5BDE-C16B65CB9FF1}"
EndProject
Project("{FAE04EC0-301F-11D3-BF4B-00C04F79EFBC}") = "UnityEngine.UI", "UnityEngine.UI.Player.csproj", "{8879F246-F2FB-F631-B2FA-40958420DBC8}"
EndProject
Project("{FAE04EC0-301F-11D3-BF4B-00C04F79EFBC}") = "UnityEngine.TestRunner", "UnityEngine.TestRunner.Player.csproj", "{E7785F80-0C15-A8C6-A100-42E5EBC75826}"
EndProject
Project("{FAE04EC0-301F-11D3-BF4B-00C04F79EFBC}") = "Unity.VisualScripting.Core", "Unity.VisualScripting.Core.Player.csproj", "{521AD7CE-A1D3-EB13-C13E-F3410A040B63}"
EndProject
Project("{FAE04EC0-301F-11D3-BF4B-00C04F79EFBC}") = "UnityEngine.Purchasing", "UnityEngine.Purchasing.Player.csproj", "{7AB258B5-E453-6C63-0D0F-1361F177FC0E}"
EndProject
Project("{FAE04EC0-301F-11D3-BF4B-00C04F79EFBC}") = "Unity.Services.Analytics", "Unity.Services.Analytics.Player.csproj", "{30792C2F-F9E3-937C-E06F-F28B42B8F61E}"
EndProject
Project("{FAE04EC0-301F-11D3-BF4B-00C04F79EFBC}") = "Unity.Services.Core.Configuration", "Unity.Services.Core.Configuration.Player.csproj", "{9AB8C4B5-CF65-270E-FF3D-01B4258519BC}"
EndProject
Project("{FAE04EC0-301F-11D3-BF4B-00C04F79EFBC}") = "Unity.Services.Core", "Unity.Services.Core.Player.csproj", "{72161CBB-B1E4-5C8C-78E5-1CC88F7482AA}"
EndProject
Project("{FAE04EC0-301F-11D3-BF4B-00C04F79EFBC}") = "Unity.AI.Navigation", "Unity.AI.Navigation.Player.csproj", "{8213E283-D396-893B-6CAD-F0C9364E5199}"
EndProject
Project("{FAE04EC0-301F-11D3-BF4B-00C04F79EFBC}") = "Unity.VisualScripting.State", "Unity.VisualScripting.State.Player.csproj", "{C822DC41-6522-EBF6-07A0-3970000DCC05}"
EndProject
Project("{FAE04EC0-301F-11D3-BF4B-00C04F79EFBC}") = "Assembly-CSharp", "Assembly-CSharp.Player.csproj", "{75BF95A6-A85F-5CB6-E246-2DC9812988D5}"
EndProject
Project("{FAE04EC0-301F-11D3-BF4B-00C04F79EFBC}") = "Unity.TextMeshPro", "Unity.TextMeshPro.Player.csproj", "{CAB9B3EB-2416-C35B-84E6-16CEEF82B9A5}"
EndProject
Project("{FAE04EC0-301F-11D3-BF4B-00C04F79EFBC}") = "UnityEngine.Purchasing.AppleMacosStub", "UnityEngine.Purchasing.AppleMacosStub.Player.csproj", "{77B68179-67BF-1C67-78D6-E34ED26F84BD}"
EndProject
Project("{FAE04EC0-301F-11D3-BF4B-00C04F79EFBC}") = "UnityEngine.Purchasing.Codeless", "UnityEngine.Purchasing.Codeless.Player.csproj", "{A5357535-F19B-73C7-70E4-FF5C5B482E59}"
EndProject
Project("{FAE04EC0-301F-11D3-BF4B-00C04F79EFBC}") = "Unity.Analytics.DataPrivacy", "Unity.Analytics.DataPrivacy.Player.csproj", "{6555BFA2-57E5-1D46-4592-09B67A636569}"
EndProject
Project("{FAE04EC0-301F-11D3-BF4B-00C04F79EFBC}") = "UnityEngine.Purchasing.WinRTStub", "UnityEngine.Purchasing.WinRTStub.Player.csproj", "{EADBC7C1-3550-2F96-F783-B87E8D9C3A45}"
EndProject
Project("{FAE04EC0-301F-11D3-BF4B-00C04F79EFBC}") = "Unity.Services.Core.Analytics", "Unity.Services.Core.Analytics.Player.csproj", "{A4A09671-8E6F-65FC-EA84-6FB8B17FE205}"
EndProject
Project("{FAE04EC0-301F-11D3-BF4B-00C04F79EFBC}") = "UnityEngine.SpatialTracking", "UnityEngine.SpatialTracking.Player.csproj", "{1EEDA1F5-E089-E31A-B375-57714AF1E5A5}"
EndProject
Project("{FAE04EC0-301F-11D3-BF4B-00C04F79EFBC}") = "Unity.Services.Core.Environments.Internal", "Unity.Services.Core.Environments.Internal.Player.csproj", "{1EA39EB5-37AB-4735-378F-2EC2EE998903}"
EndProject
Project("{FAE04EC0-301F-11D3-BF4B-00C04F79EFBC}") = "Unity.Services.Core.Networking", "Unity.Services.Core.Networking.Player.csproj", "{ADC812E8-2B4A-D7CF-4A48-2A5D4E06EC40}"
EndProject
Project("{FAE04EC0-301F-11D3-BF4B-00C04F79EFBC}") = "UnityEngine.Purchasing.SecurityCore", "UnityEngine.Purchasing.SecurityCore.Player.csproj", "{D3FA8CC8-1FB3-E6ED-5AC1-37838935FB98}"
EndProject
Project("{FAE04EC0-301F-11D3-BF4B-00C04F79EFBC}") = "Unity.Services.Core.Scheduler", "Unity.Services.Core.Scheduler.Player.csproj", "{AA9B59B8-2DF9-0F73-1971-CE508955FA32}"
EndProject
Project("{FAE04EC0-301F-11D3-BF4B-00C04F79EFBC}") = "Unity.Services.Core.Telemetry", "Unity.Services.Core.Telemetry.Player.csproj", "{4B266871-B56A-FBDC-B094-2C7556E38470}"
EndProject
Project("{FAE04EC0-301F-11D3-BF4B-00C04F79EFBC}") = "UnityEngine.Purchasing.WinRTCore", "UnityEngine.Purchasing.WinRTCore.Player.csproj", "{8F5C3805-149E-DD96-9FC6-A814A7282E95}"
EndProject
Project("{FAE04EC0-301F-11D3-BF4B-00C04F79EFBC}") = "Purchasing.Common", "Purchasing.Common.Player.csproj", "{106A700B-20A6-DC36-C842-3957F75EB8AD}"
EndProject
Project("{FAE04EC0-301F-11D3-BF4B-00C04F79EFBC}") = "Unity.Services.Core.Threading", "Unity.Services.Core.Threading.Player.csproj", "{02C0442F-7CF5-6D21-2421-0DEED9DDBDE6}"
EndProject
Project("{FAE04EC0-301F-11D3-BF4B-00C04F79EFBC}") = "Unity.Services.Core.Device", "Unity.Services.Core.Device.Player.csproj", "{0C94F432-0B66-ACC5-7E4D-29F33BA90990}"
EndProject
Project("{FAE04EC0-301F-11D3-BF4B-00C04F79EFBC}") = "UnityEngine.Purchasing.AppleCore", "UnityEngine.Purchasing.AppleCore.Player.csproj", "{55273F7D-89D8-F3ED-EC95-95BC51AE6E86}"
EndProject
Project("{FAE04EC0-301F-11D3-BF4B-00C04F79EFBC}") = "UnityEngine.XR.LegacyInputHelpers", "UnityEngine.XR.LegacyInputHelpers.Player.csproj", "{2F4AA551-3DB0-B004-8ED5-503F52295AC4}"
EndProject
Project("{FAE04EC0-301F-11D3-BF4B-00C04F79EFBC}") = "UnityEngine.Purchasing.AppleStub", "UnityEngine.Purchasing.AppleStub.Player.csproj", "{FEC4532E-EBDB-6419-B874-79BA6B5DD62F}"
EndProject
Project("{FAE04EC0-301F-11D3-BF4B-00C04F79EFBC}") = "UnityEngine.Purchasing.SecurityStub", "UnityEngine.Purchasing.SecurityStub.Player.csproj", "{CB833670-F15B-EB0F-7D48-DF354192B3B2}"
EndProject
Project("{FAE04EC0-301F-11D3-BF4B-00C04F79EFBC}") = "Unity.Services.Core.Registration", "Unity.Services.Core.Registration.Player.csproj", "{34F741C0-0B25-1DED-B3EE-BEF4368C877B}"
EndProject
Project("{FAE04EC0-301F-11D3-BF4B-00C04F79EFBC}") = "Unity.Services.Core.Environments", "Unity.Services.Core.Environments.Player.csproj", "{037CBCF3-0084-95F4-D43F-F2D61FF70DE7}"
EndProject
Global
	GlobalSection(SolutionConfigurationPlatforms) = preSolution
		Debug|Any CPU = Debug|Any CPU
		Release|Any CPU = Release|Any CPU
	EndGlobalSection
	GlobalSection(ProjectConfigurationPlatforms) = postSolution
		{0E3E6892-7E78-E7D6-84B4-6955426F78D8}.Debug|Any CPU.ActiveCfg = Debug|Any CPU
		{0E3E6892-7E78-E7D6-84B4-6955426F78D8}.Debug|Any CPU.Build.0 = Debug|Any CPU
		{0E3E6892-7E78-E7D6-84B4-6955426F78D8}.Release|Any CPU.ActiveCfg = Release|Any CPU
		{0E3E6892-7E78-E7D6-84B4-6955426F78D8}.Release|Any CPU.Build.0 = Release|Any CPU
		{4E0FF02E-70EA-30C4-6BDB-40E4FB56EC67}.Debug|Any CPU.ActiveCfg = Debug|Any CPU
		{4E0FF02E-70EA-30C4-6BDB-40E4FB56EC67}.Debug|Any CPU.Build.0 = Debug|Any CPU
		{4E0FF02E-70EA-30C4-6BDB-40E4FB56EC67}.Release|Any CPU.ActiveCfg = Release|Any CPU
		{4E0FF02E-70EA-30C4-6BDB-40E4FB56EC67}.Release|Any CPU.Build.0 = Release|Any CPU
		{319DB075-CC8F-4929-1D48-2D817B9BB5BA}.Debug|Any CPU.ActiveCfg = Debug|Any CPU
		{319DB075-CC8F-4929-1D48-2D817B9BB5BA}.Debug|Any CPU.Build.0 = Debug|Any CPU
		{319DB075-CC8F-4929-1D48-2D817B9BB5BA}.Release|Any CPU.ActiveCfg = Release|Any CPU
		{319DB075-CC8F-4929-1D48-2D817B9BB5BA}.Release|Any CPU.Build.0 = Release|Any CPU
		{6D3F4CC2-43D3-4AC8-27F0-ED1594789905}.Debug|Any CPU.ActiveCfg = Debug|Any CPU
		{6D3F4CC2-43D3-4AC8-27F0-ED1594789905}.Debug|Any CPU.Build.0 = Debug|Any CPU
		{6D3F4CC2-43D3-4AC8-27F0-ED1594789905}.Release|Any CPU.ActiveCfg = Release|Any CPU
		{6D3F4CC2-43D3-4AC8-27F0-ED1594789905}.Release|Any CPU.Build.0 = Release|Any CPU
		{8C13F504-EA7F-3406-B10B-D90D8999A6DB}.Debug|Any CPU.ActiveCfg = Debug|Any CPU
		{8C13F504-EA7F-3406-B10B-D90D8999A6DB}.Debug|Any CPU.Build.0 = Debug|Any CPU
		{8C13F504-EA7F-3406-B10B-D90D8999A6DB}.Release|Any CPU.ActiveCfg = Release|Any CPU
		{8C13F504-EA7F-3406-B10B-D90D8999A6DB}.Release|Any CPU.Build.0 = Release|Any CPU
		{A7FA59DF-9A53-D93D-B472-891BE41B4DC8}.Debug|Any CPU.ActiveCfg = Debug|Any CPU
		{A7FA59DF-9A53-D93D-B472-891BE41B4DC8}.Debug|Any CPU.Build.0 = Debug|Any CPU
		{A7FA59DF-9A53-D93D-B472-891BE41B4DC8}.Release|Any CPU.ActiveCfg = Release|Any CPU
		{A7FA59DF-9A53-D93D-B472-891BE41B4DC8}.Release|Any CPU.Build.0 = Release|Any CPU
		{B05B5748-5B3B-5E5E-88C5-950BF4935AA7}.Debug|Any CPU.ActiveCfg = Debug|Any CPU
		{B05B5748-5B3B-5E5E-88C5-950BF4935AA7}.Debug|Any CPU.Build.0 = Debug|Any CPU
		{B05B5748-5B3B-5E5E-88C5-950BF4935AA7}.Release|Any CPU.ActiveCfg = Release|Any CPU
		{B05B5748-5B3B-5E5E-88C5-950BF4935AA7}.Release|Any CPU.Build.0 = Release|Any CPU
		{C145B19B-6EA1-E8C1-8E0A-9B64F189329D}.Debug|Any CPU.ActiveCfg = Debug|Any CPU
		{C145B19B-6EA1-E8C1-8E0A-9B64F189329D}.Debug|Any CPU.Build.0 = Debug|Any CPU
		{C145B19B-6EA1-E8C1-8E0A-9B64F189329D}.Release|Any CPU.ActiveCfg = Release|Any CPU
		{C145B19B-6EA1-E8C1-8E0A-9B64F189329D}.Release|Any CPU.Build.0 = Release|Any CPU
		{D0DC2985-6090-DF5E-6DC2-AF6BDE758FD5}.Debug|Any CPU.ActiveCfg = Debug|Any CPU
		{D0DC2985-6090-DF5E-6DC2-AF6BDE758FD5}.Debug|Any CPU.Build.0 = Debug|Any CPU
		{D0DC2985-6090-DF5E-6DC2-AF6BDE758FD5}.Release|Any CPU.ActiveCfg = Release|Any CPU
		{D0DC2985-6090-DF5E-6DC2-AF6BDE758FD5}.Release|Any CPU.Build.0 = Release|Any CPU
		{6C0EF1EF-F040-8DE6-AF3F-883CD1F9056D}.Debug|Any CPU.ActiveCfg = Debug|Any CPU
		{6C0EF1EF-F040-8DE6-AF3F-883CD1F9056D}.Debug|Any CPU.Build.0 = Debug|Any CPU
		{6C0EF1EF-F040-8DE6-AF3F-883CD1F9056D}.Release|Any CPU.ActiveCfg = Release|Any CPU
		{6C0EF1EF-F040-8DE6-AF3F-883CD1F9056D}.Release|Any CPU.Build.0 = Release|Any CPU
		{98EC7E9C-EF10-3D27-CB7F-2CB2A04DA78D}.Debug|Any CPU.ActiveCfg = Debug|Any CPU
		{98EC7E9C-EF10-3D27-CB7F-2CB2A04DA78D}.Debug|Any CPU.Build.0 = Debug|Any CPU
		{98EC7E9C-EF10-3D27-CB7F-2CB2A04DA78D}.Release|Any CPU.ActiveCfg = Release|Any CPU
		{98EC7E9C-EF10-3D27-CB7F-2CB2A04DA78D}.Release|Any CPU.Build.0 = Release|Any CPU
		{C52F57E5-B685-20D9-4366-D1BF76274F14}.Debug|Any CPU.ActiveCfg = Debug|Any CPU
		{C52F57E5-B685-20D9-4366-D1BF76274F14}.Debug|Any CPU.Build.0 = Debug|Any CPU
		{C52F57E5-B685-20D9-4366-D1BF76274F14}.Release|Any CPU.ActiveCfg = Release|Any CPU
		{C52F57E5-B685-20D9-4366-D1BF76274F14}.Release|Any CPU.Build.0 = Release|Any CPU
		{ED888384-CA4B-07ED-C722-7E9DE552608D}.Debug|Any CPU.ActiveCfg = Debug|Any CPU
		{ED888384-CA4B-07ED-C722-7E9DE552608D}.Debug|Any CPU.Build.0 = Debug|Any CPU
		{ED888384-CA4B-07ED-C722-7E9DE552608D}.Release|Any CPU.ActiveCfg = Release|Any CPU
		{ED888384-CA4B-07ED-C722-7E9DE552608D}.Release|Any CPU.Build.0 = Release|Any CPU
		{554BA543-A96C-269B-1D3F-127264C696DE}.Debug|Any CPU.ActiveCfg = Debug|Any CPU
		{554BA543-A96C-269B-1D3F-127264C696DE}.Debug|Any CPU.Build.0 = Debug|Any CPU
		{554BA543-A96C-269B-1D3F-127264C696DE}.Release|Any CPU.ActiveCfg = Release|Any CPU
		{554BA543-A96C-269B-1D3F-127264C696DE}.Release|Any CPU.Build.0 = Release|Any CPU
		{57EDA2BB-9D94-5EDB-B9B0-C0C224BE4B6E}.Debug|Any CPU.ActiveCfg = Debug|Any CPU
		{57EDA2BB-9D94-5EDB-B9B0-C0C224BE4B6E}.Debug|Any CPU.Build.0 = Debug|Any CPU
		{57EDA2BB-9D94-5EDB-B9B0-C0C224BE4B6E}.Release|Any CPU.ActiveCfg = Release|Any CPU
		{57EDA2BB-9D94-5EDB-B9B0-C0C224BE4B6E}.Release|Any CPU.Build.0 = Release|Any CPU
		{706FE951-F007-1E03-CDF5-817C09C4731C}.Debug|Any CPU.ActiveCfg = Debug|Any CPU
		{706FE951-F007-1E03-CDF5-817C09C4731C}.Debug|Any CPU.Build.0 = Debug|Any CPU
		{706FE951-F007-1E03-CDF5-817C09C4731C}.Release|Any CPU.ActiveCfg = Release|Any CPU
		{706FE951-F007-1E03-CDF5-817C09C4731C}.Release|Any CPU.Build.0 = Release|Any CPU
		{F9D55CC6-E909-CD22-585D-D6F211DE243A}.Debug|Any CPU.ActiveCfg = Debug|Any CPU
		{F9D55CC6-E909-CD22-585D-D6F211DE243A}.Debug|Any CPU.Build.0 = Debug|Any CPU
		{F9D55CC6-E909-CD22-585D-D6F211DE243A}.Release|Any CPU.ActiveCfg = Release|Any CPU
		{F9D55CC6-E909-CD22-585D-D6F211DE243A}.Release|Any CPU.Build.0 = Release|Any CPU
		{252BDEEB-E1B9-3678-FAB4-CCBFAF9AC81C}.Debug|Any CPU.ActiveCfg = Debug|Any CPU
		{252BDEEB-E1B9-3678-FAB4-CCBFAF9AC81C}.Debug|Any CPU.Build.0 = Debug|Any CPU
		{252BDEEB-E1B9-3678-FAB4-CCBFAF9AC81C}.Release|Any CPU.ActiveCfg = Release|Any CPU
		{252BDEEB-E1B9-3678-FAB4-CCBFAF9AC81C}.Release|Any CPU.Build.0 = Release|Any CPU
		{9DB7A842-07AF-1EDB-6035-FA5D2218A8BC}.Debug|Any CPU.ActiveCfg = Debug|Any CPU
		{9DB7A842-07AF-1EDB-6035-FA5D2218A8BC}.Debug|Any CPU.Build.0 = Debug|Any CPU
		{9DB7A842-07AF-1EDB-6035-FA5D2218A8BC}.Release|Any CPU.ActiveCfg = Release|Any CPU
		{9DB7A842-07AF-1EDB-6035-FA5D2218A8BC}.Release|Any CPU.Build.0 = Release|Any CPU
		{04D5DCE8-7E04-9149-0D47-828A5F11B83C}.Debug|Any CPU.ActiveCfg = Debug|Any CPU
		{04D5DCE8-7E04-9149-0D47-828A5F11B83C}.Debug|Any CPU.Build.0 = Debug|Any CPU
		{04D5DCE8-7E04-9149-0D47-828A5F11B83C}.Release|Any CPU.ActiveCfg = Release|Any CPU
		{04D5DCE8-7E04-9149-0D47-828A5F11B83C}.Release|Any CPU.Build.0 = Release|Any CPU
		{9075E8A2-D249-251B-9D2A-60779DA5BF3C}.Debug|Any CPU.ActiveCfg = Debug|Any CPU
		{9075E8A2-D249-251B-9D2A-60779DA5BF3C}.Debug|Any CPU.Build.0 = Debug|Any CPU
		{9075E8A2-D249-251B-9D2A-60779DA5BF3C}.Release|Any CPU.ActiveCfg = Release|Any CPU
		{9075E8A2-D249-251B-9D2A-60779DA5BF3C}.Release|Any CPU.Build.0 = Release|Any CPU
		{F662A1E4-15F0-33F3-9012-04061FEC4508}.Debug|Any CPU.ActiveCfg = Debug|Any CPU
		{F662A1E4-15F0-33F3-9012-04061FEC4508}.Debug|Any CPU.Build.0 = Debug|Any CPU
		{F662A1E4-15F0-33F3-9012-04061FEC4508}.Release|Any CPU.ActiveCfg = Release|Any CPU
		{F662A1E4-15F0-33F3-9012-04061FEC4508}.Release|Any CPU.Build.0 = Release|Any CPU
		{97DD3D4C-A878-F12F-3D96-A06CA5204063}.Debug|Any CPU.ActiveCfg = Debug|Any CPU
		{97DD3D4C-A878-F12F-3D96-A06CA5204063}.Debug|Any CPU.Build.0 = Debug|Any CPU
		{97DD3D4C-A878-F12F-3D96-A06CA5204063}.Release|Any CPU.ActiveCfg = Release|Any CPU
		{97DD3D4C-A878-F12F-3D96-A06CA5204063}.Release|Any CPU.Build.0 = Release|Any CPU
		{6CF4E7E9-AF1C-4306-5F06-AE0165BB56C3}.Debug|Any CPU.ActiveCfg = Debug|Any CPU
		{6CF4E7E9-AF1C-4306-5F06-AE0165BB56C3}.Debug|Any CPU.Build.0 = Debug|Any CPU
		{6CF4E7E9-AF1C-4306-5F06-AE0165BB56C3}.Release|Any CPU.ActiveCfg = Release|Any CPU
		{6CF4E7E9-AF1C-4306-5F06-AE0165BB56C3}.Release|Any CPU.Build.0 = Release|Any CPU
		{97842D90-4DF1-795E-83D8-CCB49FC64302}.Debug|Any CPU.ActiveCfg = Debug|Any CPU
		{97842D90-4DF1-795E-83D8-CCB49FC64302}.Debug|Any CPU.Build.0 = Debug|Any CPU
		{97842D90-4DF1-795E-83D8-CCB49FC64302}.Release|Any CPU.ActiveCfg = Release|Any CPU
		{97842D90-4DF1-795E-83D8-CCB49FC64302}.Release|Any CPU.Build.0 = Release|Any CPU
		{0952961F-CC45-10A3-6276-CC60D13DA621}.Debug|Any CPU.ActiveCfg = Debug|Any CPU
		{0952961F-CC45-10A3-6276-CC60D13DA621}.Debug|Any CPU.Build.0 = Debug|Any CPU
		{0952961F-CC45-10A3-6276-CC60D13DA621}.Release|Any CPU.ActiveCfg = Release|Any CPU
		{0952961F-CC45-10A3-6276-CC60D13DA621}.Release|Any CPU.Build.0 = Release|Any CPU
		{4EF9D1C7-9FB4-50D8-48CE-5163E5C5294E}.Debug|Any CPU.ActiveCfg = Debug|Any CPU
		{4EF9D1C7-9FB4-50D8-48CE-5163E5C5294E}.Debug|Any CPU.Build.0 = Debug|Any CPU
		{4EF9D1C7-9FB4-50D8-48CE-5163E5C5294E}.Release|Any CPU.ActiveCfg = Release|Any CPU
		{4EF9D1C7-9FB4-50D8-48CE-5163E5C5294E}.Release|Any CPU.Build.0 = Release|Any CPU
		{3B9392E6-CDE1-3A7F-1973-5678D56CC1A3}.Debug|Any CPU.ActiveCfg = Debug|Any CPU
		{3B9392E6-CDE1-3A7F-1973-5678D56CC1A3}.Debug|Any CPU.Build.0 = Debug|Any CPU
		{3B9392E6-CDE1-3A7F-1973-5678D56CC1A3}.Release|Any CPU.ActiveCfg = Release|Any CPU
		{3B9392E6-CDE1-3A7F-1973-5678D56CC1A3}.Release|Any CPU.Build.0 = Release|Any CPU
		{B32621AE-FCD3-864D-BEF7-ADDE3BB1D253}.Debug|Any CPU.ActiveCfg = Debug|Any CPU
		{B32621AE-FCD3-864D-BEF7-ADDE3BB1D253}.Debug|Any CPU.Build.0 = Debug|Any CPU
		{B32621AE-FCD3-864D-BEF7-ADDE3BB1D253}.Release|Any CPU.ActiveCfg = Release|Any CPU
		{B32621AE-FCD3-864D-BEF7-ADDE3BB1D253}.Release|Any CPU.Build.0 = Release|Any CPU
		{6C480B5B-0795-7851-6617-4D46F260AA72}.Debug|Any CPU.ActiveCfg = Debug|Any CPU
		{6C480B5B-0795-7851-6617-4D46F260AA72}.Debug|Any CPU.Build.0 = Debug|Any CPU
		{6C480B5B-0795-7851-6617-4D46F260AA72}.Release|Any CPU.ActiveCfg = Release|Any CPU
		{6C480B5B-0795-7851-6617-4D46F260AA72}.Release|Any CPU.Build.0 = Release|Any CPU
		{357735BE-47B7-E8D1-01CF-B0D6340AABC5}.Debug|Any CPU.ActiveCfg = Debug|Any CPU
		{357735BE-47B7-E8D1-01CF-B0D6340AABC5}.Debug|Any CPU.Build.0 = Debug|Any CPU
		{357735BE-47B7-E8D1-01CF-B0D6340AABC5}.Release|Any CPU.ActiveCfg = Release|Any CPU
		{357735BE-47B7-E8D1-01CF-B0D6340AABC5}.Release|Any CPU.Build.0 = Release|Any CPU
		{CC16C4D0-C242-E12C-EB15-51FFBDBA4986}.Debug|Any CPU.ActiveCfg = Debug|Any CPU
		{CC16C4D0-C242-E12C-EB15-51FFBDBA4986}.Debug|Any CPU.Build.0 = Debug|Any CPU
		{CC16C4D0-C242-E12C-EB15-51FFBDBA4986}.Release|Any CPU.ActiveCfg = Release|Any CPU
		{CC16C4D0-C242-E12C-EB15-51FFBDBA4986}.Release|Any CPU.Build.0 = Release|Any CPU
		{5904568D-3BA8-CA61-32CE-1928F7FE15E4}.Debug|Any CPU.ActiveCfg = Debug|Any CPU
		{5904568D-3BA8-CA61-32CE-1928F7FE15E4}.Debug|Any CPU.Build.0 = Debug|Any CPU
		{5904568D-3BA8-CA61-32CE-1928F7FE15E4}.Release|Any CPU.ActiveCfg = Release|Any CPU
		{5904568D-3BA8-CA61-32CE-1928F7FE15E4}.Release|Any CPU.Build.0 = Release|Any CPU
		{44DDD38F-D917-9638-F2D6-BEF9E7DFAEDC}.Debug|Any CPU.ActiveCfg = Debug|Any CPU
		{44DDD38F-D917-9638-F2D6-BEF9E7DFAEDC}.Debug|Any CPU.Build.0 = Debug|Any CPU
		{44DDD38F-D917-9638-F2D6-BEF9E7DFAEDC}.Release|Any CPU.ActiveCfg = Release|Any CPU
		{44DDD38F-D917-9638-F2D6-BEF9E7DFAEDC}.Release|Any CPU.Build.0 = Release|Any CPU
		{01EC508E-9965-DADC-81C2-04CEEEBD7681}.Debug|Any CPU.ActiveCfg = Debug|Any CPU
		{01EC508E-9965-DADC-81C2-04CEEEBD7681}.Debug|Any CPU.Build.0 = Debug|Any CPU
		{01EC508E-9965-DADC-81C2-04CEEEBD7681}.Release|Any CPU.ActiveCfg = Release|Any CPU
		{01EC508E-9965-DADC-81C2-04CEEEBD7681}.Release|Any CPU.Build.0 = Release|Any CPU
		{38035910-C0A9-FBEB-D16A-9AB0893BE8AE}.Debug|Any CPU.ActiveCfg = Debug|Any CPU
		{38035910-C0A9-FBEB-D16A-9AB0893BE8AE}.Debug|Any CPU.Build.0 = Debug|Any CPU
		{38035910-C0A9-FBEB-D16A-9AB0893BE8AE}.Release|Any CPU.ActiveCfg = Release|Any CPU
		{38035910-C0A9-FBEB-D16A-9AB0893BE8AE}.Release|Any CPU.Build.0 = Release|Any CPU
		{C2624AF5-C94F-84DA-20D7-B60A00819EE6}.Debug|Any CPU.ActiveCfg = Debug|Any CPU
		{C2624AF5-C94F-84DA-20D7-B60A00819EE6}.Debug|Any CPU.Build.0 = Debug|Any CPU
		{C2624AF5-C94F-84DA-20D7-B60A00819EE6}.Release|Any CPU.ActiveCfg = Release|Any CPU
		{C2624AF5-C94F-84DA-20D7-B60A00819EE6}.Release|Any CPU.Build.0 = Release|Any CPU
		{F350D2EE-4B73-C311-6777-54F1F984C654}.Debug|Any CPU.ActiveCfg = Debug|Any CPU
		{F350D2EE-4B73-C311-6777-54F1F984C654}.Debug|Any CPU.Build.0 = Debug|Any CPU
		{F350D2EE-4B73-C311-6777-54F1F984C654}.Release|Any CPU.ActiveCfg = Release|Any CPU
		{F350D2EE-4B73-C311-6777-54F1F984C654}.Release|Any CPU.Build.0 = Release|Any CPU
		{25B53805-8B23-51D2-931F-81252ADBEF86}.Debug|Any CPU.ActiveCfg = Debug|Any CPU
		{25B53805-8B23-51D2-931F-81252ADBEF86}.Debug|Any CPU.Build.0 = Debug|Any CPU
		{25B53805-8B23-51D2-931F-81252ADBEF86}.Release|Any CPU.ActiveCfg = Release|Any CPU
		{25B53805-8B23-51D2-931F-81252ADBEF86}.Release|Any CPU.Build.0 = Release|Any CPU
		{DFF9A56C-B9FE-DCA6-DAB3-B959E27B95EF}.Debug|Any CPU.ActiveCfg = Debug|Any CPU
		{DFF9A56C-B9FE-DCA6-DAB3-B959E27B95EF}.Debug|Any CPU.Build.0 = Debug|Any CPU
		{DFF9A56C-B9FE-DCA6-DAB3-B959E27B95EF}.Release|Any CPU.ActiveCfg = Release|Any CPU
		{DFF9A56C-B9FE-DCA6-DAB3-B959E27B95EF}.Release|Any CPU.Build.0 = Release|Any CPU
		{CDB1AD50-10E1-EF58-E98C-FAA9758CB024}.Debug|Any CPU.ActiveCfg = Debug|Any CPU
		{CDB1AD50-10E1-EF58-E98C-FAA9758CB024}.Debug|Any CPU.Build.0 = Debug|Any CPU
		{CDB1AD50-10E1-EF58-E98C-FAA9758CB024}.Release|Any CPU.ActiveCfg = Release|Any CPU
		{CDB1AD50-10E1-EF58-E98C-FAA9758CB024}.Release|Any CPU.Build.0 = Release|Any CPU
		{E6156AD9-966A-2DA7-39F4-1CE669C52C11}.Debug|Any CPU.ActiveCfg = Debug|Any CPU
		{E6156AD9-966A-2DA7-39F4-1CE669C52C11}.Debug|Any CPU.Build.0 = Debug|Any CPU
		{E6156AD9-966A-2DA7-39F4-1CE669C52C11}.Release|Any CPU.ActiveCfg = Release|Any CPU
		{E6156AD9-966A-2DA7-39F4-1CE669C52C11}.Release|Any CPU.Build.0 = Release|Any CPU
		{45C5683F-91B7-378F-B9E9-EE81716DF90A}.Debug|Any CPU.ActiveCfg = Debug|Any CPU
		{45C5683F-91B7-378F-B9E9-EE81716DF90A}.Debug|Any CPU.Build.0 = Debug|Any CPU
		{45C5683F-91B7-378F-B9E9-EE81716DF90A}.Release|Any CPU.ActiveCfg = Release|Any CPU
		{45C5683F-91B7-378F-B9E9-EE81716DF90A}.Release|Any CPU.Build.0 = Release|Any CPU
		{C32AB909-0322-3F66-D443-E74AC825753F}.Debug|Any CPU.ActiveCfg = Debug|Any CPU
		{C32AB909-0322-3F66-D443-E74AC825753F}.Debug|Any CPU.Build.0 = Debug|Any CPU
		{C32AB909-0322-3F66-D443-E74AC825753F}.Release|Any CPU.ActiveCfg = Release|Any CPU
		{C32AB909-0322-3F66-D443-E74AC825753F}.Release|Any CPU.Build.0 = Release|Any CPU
		{2987DA2D-14CB-7260-C6A0-4FACE5C575FC}.Debug|Any CPU.ActiveCfg = Debug|Any CPU
		{2987DA2D-14CB-7260-C6A0-4FACE5C575FC}.Debug|Any CPU.Build.0 = Debug|Any CPU
		{2987DA2D-14CB-7260-C6A0-4FACE5C575FC}.Release|Any CPU.ActiveCfg = Release|Any CPU
		{2987DA2D-14CB-7260-C6A0-4FACE5C575FC}.Release|Any CPU.Build.0 = Release|Any CPU
		{0B0DBE1E-519F-47E3-C7F7-6F782EB363EB}.Debug|Any CPU.ActiveCfg = Debug|Any CPU
		{0B0DBE1E-519F-47E3-C7F7-6F782EB363EB}.Debug|Any CPU.Build.0 = Debug|Any CPU
		{0B0DBE1E-519F-47E3-C7F7-6F782EB363EB}.Release|Any CPU.ActiveCfg = Release|Any CPU
		{0B0DBE1E-519F-47E3-C7F7-6F782EB363EB}.Release|Any CPU.Build.0 = Release|Any CPU
		{DC3458F3-DDCB-E08F-ACA4-25F4BA7F5C3C}.Debug|Any CPU.ActiveCfg = Debug|Any CPU
		{DC3458F3-DDCB-E08F-ACA4-25F4BA7F5C3C}.Debug|Any CPU.Build.0 = Debug|Any CPU
		{DC3458F3-DDCB-E08F-ACA4-25F4BA7F5C3C}.Release|Any CPU.ActiveCfg = Release|Any CPU
		{DC3458F3-DDCB-E08F-ACA4-25F4BA7F5C3C}.Release|Any CPU.Build.0 = Release|Any CPU
		{2CE98CA8-8C63-8AF1-05DF-644649BFBE17}.Debug|Any CPU.ActiveCfg = Debug|Any CPU
		{2CE98CA8-8C63-8AF1-05DF-644649BFBE17}.Debug|Any CPU.Build.0 = Debug|Any CPU
		{2CE98CA8-8C63-8AF1-05DF-644649BFBE17}.Release|Any CPU.ActiveCfg = Release|Any CPU
		{2CE98CA8-8C63-8AF1-05DF-644649BFBE17}.Release|Any CPU.Build.0 = Release|Any CPU
		{21E07A27-5328-4708-D398-E8B76CE13805}.Debug|Any CPU.ActiveCfg = Debug|Any CPU
		{21E07A27-5328-4708-D398-E8B76CE13805}.Debug|Any CPU.Build.0 = Debug|Any CPU
		{21E07A27-5328-4708-D398-E8B76CE13805}.Release|Any CPU.ActiveCfg = Release|Any CPU
		{21E07A27-5328-4708-D398-E8B76CE13805}.Release|Any CPU.Build.0 = Release|Any CPU
		{035C0DBF-07EF-CE15-0F0B-8400E33BF87F}.Debug|Any CPU.ActiveCfg = Debug|Any CPU
		{035C0DBF-07EF-CE15-0F0B-8400E33BF87F}.Debug|Any CPU.Build.0 = Debug|Any CPU
		{035C0DBF-07EF-CE15-0F0B-8400E33BF87F}.Release|Any CPU.ActiveCfg = Release|Any CPU
		{035C0DBF-07EF-CE15-0F0B-8400E33BF87F}.Release|Any CPU.Build.0 = Release|Any CPU
		{4C2D6A1A-E54F-436A-D6E4-C38EA9626E7A}.Debug|Any CPU.ActiveCfg = Debug|Any CPU
		{4C2D6A1A-E54F-436A-D6E4-C38EA9626E7A}.Debug|Any CPU.Build.0 = Debug|Any CPU
		{4C2D6A1A-E54F-436A-D6E4-C38EA9626E7A}.Release|Any CPU.ActiveCfg = Release|Any CPU
		{4C2D6A1A-E54F-436A-D6E4-C38EA9626E7A}.Release|Any CPU.Build.0 = Release|Any CPU
		{2DCC75F1-2B30-4D6F-B3B8-15C992C25888}.Debug|Any CPU.ActiveCfg = Debug|Any CPU
		{2DCC75F1-2B30-4D6F-B3B8-15C992C25888}.Debug|Any CPU.Build.0 = Debug|Any CPU
		{2DCC75F1-2B30-4D6F-B3B8-15C992C25888}.Release|Any CPU.ActiveCfg = Release|Any CPU
		{2DCC75F1-2B30-4D6F-B3B8-15C992C25888}.Release|Any CPU.Build.0 = Release|Any CPU
		{D641771D-4ACD-FA14-4D0C-7E009A9E9C68}.Debug|Any CPU.ActiveCfg = Debug|Any CPU
		{D641771D-4ACD-FA14-4D0C-7E009A9E9C68}.Debug|Any CPU.Build.0 = Debug|Any CPU
		{D641771D-4ACD-FA14-4D0C-7E009A9E9C68}.Release|Any CPU.ActiveCfg = Release|Any CPU
		{D641771D-4ACD-FA14-4D0C-7E009A9E9C68}.Release|Any CPU.Build.0 = Release|Any CPU
		{9E507822-EBD3-F1AA-4685-85E2704C9956}.Debug|Any CPU.ActiveCfg = Debug|Any CPU
		{9E507822-EBD3-F1AA-4685-85E2704C9956}.Debug|Any CPU.Build.0 = Debug|Any CPU
		{9E507822-EBD3-F1AA-4685-85E2704C9956}.Release|Any CPU.ActiveCfg = Release|Any CPU
		{9E507822-EBD3-F1AA-4685-85E2704C9956}.Release|Any CPU.Build.0 = Release|Any CPU
		{A01FB1F8-149D-0E69-7AAF-99583F8D0D1C}.Debug|Any CPU.ActiveCfg = Debug|Any CPU
		{A01FB1F8-149D-0E69-7AAF-99583F8D0D1C}.Debug|Any CPU.Build.0 = Debug|Any CPU
		{A01FB1F8-149D-0E69-7AAF-99583F8D0D1C}.Release|Any CPU.ActiveCfg = Release|Any CPU
		{A01FB1F8-149D-0E69-7AAF-99583F8D0D1C}.Release|Any CPU.Build.0 = Release|Any CPU
		{E92C23AD-518B-2009-56B5-FAB3BFE919F3}.Debug|Any CPU.ActiveCfg = Debug|Any CPU
		{E92C23AD-518B-2009-56B5-FAB3BFE919F3}.Debug|Any CPU.Build.0 = Debug|Any CPU
		{E92C23AD-518B-2009-56B5-FAB3BFE919F3}.Release|Any CPU.ActiveCfg = Release|Any CPU
		{E92C23AD-518B-2009-56B5-FAB3BFE919F3}.Release|Any CPU.Build.0 = Release|Any CPU
		{E34C0617-BE24-42CA-ED26-55C2B738D47E}.Debug|Any CPU.ActiveCfg = Debug|Any CPU
		{E34C0617-BE24-42CA-ED26-55C2B738D47E}.Debug|Any CPU.Build.0 = Debug|Any CPU
		{E34C0617-BE24-42CA-ED26-55C2B738D47E}.Release|Any CPU.ActiveCfg = Release|Any CPU
		{E34C0617-BE24-42CA-ED26-55C2B738D47E}.Release|Any CPU.Build.0 = Release|Any CPU
		{FA59EF7F-32BA-877E-5746-1D5F827DA894}.Debug|Any CPU.ActiveCfg = Debug|Any CPU
		{FA59EF7F-32BA-877E-5746-1D5F827DA894}.Debug|Any CPU.Build.0 = Debug|Any CPU
		{FA59EF7F-32BA-877E-5746-1D5F827DA894}.Release|Any CPU.ActiveCfg = Release|Any CPU
		{FA59EF7F-32BA-877E-5746-1D5F827DA894}.Release|Any CPU.Build.0 = Release|Any CPU
		{72575BC7-AF43-4DFE-9234-5EE0976CB171}.Debug|Any CPU.ActiveCfg = Debug|Any CPU
		{72575BC7-AF43-4DFE-9234-5EE0976CB171}.Debug|Any CPU.Build.0 = Debug|Any CPU
		{72575BC7-AF43-4DFE-9234-5EE0976CB171}.Release|Any CPU.ActiveCfg = Release|Any CPU
		{72575BC7-AF43-4DFE-9234-5EE0976CB171}.Release|Any CPU.Build.0 = Release|Any CPU
		{C26F7164-AF44-BCAC-A8F9-A4ABD8112B8B}.Debug|Any CPU.ActiveCfg = Debug|Any CPU
		{C26F7164-AF44-BCAC-A8F9-A4ABD8112B8B}.Debug|Any CPU.Build.0 = Debug|Any CPU
		{C26F7164-AF44-BCAC-A8F9-A4ABD8112B8B}.Release|Any CPU.ActiveCfg = Release|Any CPU
		{C26F7164-AF44-BCAC-A8F9-A4ABD8112B8B}.Release|Any CPU.Build.0 = Release|Any CPU
		{48D23C95-1C1A-E318-2EAA-787701056F7F}.Debug|Any CPU.ActiveCfg = Debug|Any CPU
		{48D23C95-1C1A-E318-2EAA-787701056F7F}.Debug|Any CPU.Build.0 = Debug|Any CPU
		{48D23C95-1C1A-E318-2EAA-787701056F7F}.Release|Any CPU.ActiveCfg = Release|Any CPU
		{48D23C95-1C1A-E318-2EAA-787701056F7F}.Release|Any CPU.Build.0 = Release|Any CPU
		{FAB33115-CEC2-1FA6-9638-416B06C11EFE}.Debug|Any CPU.ActiveCfg = Debug|Any CPU
		{FAB33115-CEC2-1FA6-9638-416B06C11EFE}.Debug|Any CPU.Build.0 = Debug|Any CPU
		{FAB33115-CEC2-1FA6-9638-416B06C11EFE}.Release|Any CPU.ActiveCfg = Release|Any CPU
		{FAB33115-CEC2-1FA6-9638-416B06C11EFE}.Release|Any CPU.Build.0 = Release|Any CPU
		{4DBAF9B5-3472-C904-1C75-21A9CD8CF852}.Debug|Any CPU.ActiveCfg = Debug|Any CPU
		{4DBAF9B5-3472-C904-1C75-21A9CD8CF852}.Debug|Any CPU.Build.0 = Debug|Any CPU
		{4DBAF9B5-3472-C904-1C75-21A9CD8CF852}.Release|Any CPU.ActiveCfg = Release|Any CPU
		{4DBAF9B5-3472-C904-1C75-21A9CD8CF852}.Release|Any CPU.Build.0 = Release|Any CPU
		{ECE607BA-D649-E585-5153-F2CAE18CF64E}.Debug|Any CPU.ActiveCfg = Debug|Any CPU
		{ECE607BA-D649-E585-5153-F2CAE18CF64E}.Debug|Any CPU.Build.0 = Debug|Any CPU
		{ECE607BA-D649-E585-5153-F2CAE18CF64E}.Release|Any CPU.ActiveCfg = Release|Any CPU
		{ECE607BA-D649-E585-5153-F2CAE18CF64E}.Release|Any CPU.Build.0 = Release|Any CPU
		{6C4A7BB1-D1C3-1931-0505-2D289224C36E}.Debug|Any CPU.ActiveCfg = Debug|Any CPU
		{6C4A7BB1-D1C3-1931-0505-2D289224C36E}.Debug|Any CPU.Build.0 = Debug|Any CPU
		{6C4A7BB1-D1C3-1931-0505-2D289224C36E}.Release|Any CPU.ActiveCfg = Release|Any CPU
		{6C4A7BB1-D1C3-1931-0505-2D289224C36E}.Release|Any CPU.Build.0 = Release|Any CPU
		{613A9605-C179-C149-D178-219E131D0920}.Debug|Any CPU.ActiveCfg = Debug|Any CPU
		{613A9605-C179-C149-D178-219E131D0920}.Debug|Any CPU.Build.0 = Debug|Any CPU
		{613A9605-C179-C149-D178-219E131D0920}.Release|Any CPU.ActiveCfg = Release|Any CPU
		{613A9605-C179-C149-D178-219E131D0920}.Release|Any CPU.Build.0 = Release|Any CPU
		{A947013E-C3E7-969B-994F-7B441661F5D0}.Debug|Any CPU.ActiveCfg = Debug|Any CPU
		{A947013E-C3E7-969B-994F-7B441661F5D0}.Debug|Any CPU.Build.0 = Debug|Any CPU
		{A947013E-C3E7-969B-994F-7B441661F5D0}.Release|Any CPU.ActiveCfg = Release|Any CPU
		{A947013E-C3E7-969B-994F-7B441661F5D0}.Release|Any CPU.Build.0 = Release|Any CPU
		{806FBFAB-8154-9D15-1C98-1B17CD590B82}.Debug|Any CPU.ActiveCfg = Debug|Any CPU
		{806FBFAB-8154-9D15-1C98-1B17CD590B82}.Debug|Any CPU.Build.0 = Debug|Any CPU
		{806FBFAB-8154-9D15-1C98-1B17CD590B82}.Release|Any CPU.ActiveCfg = Release|Any CPU
		{806FBFAB-8154-9D15-1C98-1B17CD590B82}.Release|Any CPU.Build.0 = Release|Any CPU
		{EC2DC17F-B83D-2B72-84A9-C46C4FC45920}.Debug|Any CPU.ActiveCfg = Debug|Any CPU
		{EC2DC17F-B83D-2B72-84A9-C46C4FC45920}.Debug|Any CPU.Build.0 = Debug|Any CPU
		{EC2DC17F-B83D-2B72-84A9-C46C4FC45920}.Release|Any CPU.ActiveCfg = Release|Any CPU
		{EC2DC17F-B83D-2B72-84A9-C46C4FC45920}.Release|Any CPU.Build.0 = Release|Any CPU
		{2CB0566A-1386-5085-B100-87104782AB96}.Debug|Any CPU.ActiveCfg = Debug|Any CPU
		{2CB0566A-1386-5085-B100-87104782AB96}.Debug|Any CPU.Build.0 = Debug|Any CPU
		{2CB0566A-1386-5085-B100-87104782AB96}.Release|Any CPU.ActiveCfg = Release|Any CPU
		{2CB0566A-1386-5085-B100-87104782AB96}.Release|Any CPU.Build.0 = Release|Any CPU
		{472A8E14-BFB4-1B47-EED8-9AF36BAE2844}.Debug|Any CPU.ActiveCfg = Debug|Any CPU
		{472A8E14-BFB4-1B47-EED8-9AF36BAE2844}.Debug|Any CPU.Build.0 = Debug|Any CPU
		{472A8E14-BFB4-1B47-EED8-9AF36BAE2844}.Release|Any CPU.ActiveCfg = Release|Any CPU
		{472A8E14-BFB4-1B47-EED8-9AF36BAE2844}.Release|Any CPU.Build.0 = Release|Any CPU
		{E8C7D848-0BB4-AE93-D48A-59F3BDD02DF7}.Debug|Any CPU.ActiveCfg = Debug|Any CPU
		{E8C7D848-0BB4-AE93-D48A-59F3BDD02DF7}.Debug|Any CPU.Build.0 = Debug|Any CPU
		{E8C7D848-0BB4-AE93-D48A-59F3BDD02DF7}.Release|Any CPU.ActiveCfg = Release|Any CPU
		{E8C7D848-0BB4-AE93-D48A-59F3BDD02DF7}.Release|Any CPU.Build.0 = Release|Any CPU
		{78FEDB4B-0F10-383F-2E83-A44193CEBA11}.Debug|Any CPU.ActiveCfg = Debug|Any CPU
		{78FEDB4B-0F10-383F-2E83-A44193CEBA11}.Debug|Any CPU.Build.0 = Debug|Any CPU
		{78FEDB4B-0F10-383F-2E83-A44193CEBA11}.Release|Any CPU.ActiveCfg = Release|Any CPU
		{78FEDB4B-0F10-383F-2E83-A44193CEBA11}.Release|Any CPU.Build.0 = Release|Any CPU
		{D2937B46-F8FD-9989-EB8F-ACB782AB65A7}.Debug|Any CPU.ActiveCfg = Debug|Any CPU
		{D2937B46-F8FD-9989-EB8F-ACB782AB65A7}.Debug|Any CPU.Build.0 = Debug|Any CPU
		{D2937B46-F8FD-9989-EB8F-ACB782AB65A7}.Release|Any CPU.ActiveCfg = Release|Any CPU
		{D2937B46-F8FD-9989-EB8F-ACB782AB65A7}.Release|Any CPU.Build.0 = Release|Any CPU
		{4211E815-F662-E37F-DA14-0FDE84BB5AF1}.Debug|Any CPU.ActiveCfg = Debug|Any CPU
		{4211E815-F662-E37F-DA14-0FDE84BB5AF1}.Debug|Any CPU.Build.0 = Debug|Any CPU
		{4211E815-F662-E37F-DA14-0FDE84BB5AF1}.Release|Any CPU.ActiveCfg = Release|Any CPU
		{4211E815-F662-E37F-DA14-0FDE84BB5AF1}.Release|Any CPU.Build.0 = Release|Any CPU
		{1F76BD0A-3163-4DB2-5276-95F67ECA2DC5}.Debug|Any CPU.ActiveCfg = Debug|Any CPU
		{1F76BD0A-3163-4DB2-5276-95F67ECA2DC5}.Debug|Any CPU.Build.0 = Debug|Any CPU
		{1F76BD0A-3163-4DB2-5276-95F67ECA2DC5}.Release|Any CPU.ActiveCfg = Release|Any CPU
		{1F76BD0A-3163-4DB2-5276-95F67ECA2DC5}.Release|Any CPU.Build.0 = Release|Any CPU
		{473E371A-6A32-0E19-5BDE-C16B65CB9FF1}.Debug|Any CPU.ActiveCfg = Debug|Any CPU
		{473E371A-6A32-0E19-5BDE-C16B65CB9FF1}.Debug|Any CPU.Build.0 = Debug|Any CPU
		{473E371A-6A32-0E19-5BDE-C16B65CB9FF1}.Release|Any CPU.ActiveCfg = Release|Any CPU
		{473E371A-6A32-0E19-5BDE-C16B65CB9FF1}.Release|Any CPU.Build.0 = Release|Any CPU
		{8879F246-F2FB-F631-B2FA-40958420DBC8}.Debug|Any CPU.ActiveCfg = Debug|Any CPU
		{8879F246-F2FB-F631-B2FA-40958420DBC8}.Debug|Any CPU.Build.0 = Debug|Any CPU
		{8879F246-F2FB-F631-B2FA-40958420DBC8}.Release|Any CPU.ActiveCfg = Release|Any CPU
		{8879F246-F2FB-F631-B2FA-40958420DBC8}.Release|Any CPU.Build.0 = Release|Any CPU
		{E7785F80-0C15-A8C6-A100-42E5EBC75826}.Debug|Any CPU.ActiveCfg = Debug|Any CPU
		{E7785F80-0C15-A8C6-A100-42E5EBC75826}.Debug|Any CPU.Build.0 = Debug|Any CPU
		{E7785F80-0C15-A8C6-A100-42E5EBC75826}.Release|Any CPU.ActiveCfg = Release|Any CPU
		{E7785F80-0C15-A8C6-A100-42E5EBC75826}.Release|Any CPU.Build.0 = Release|Any CPU
		{521AD7CE-A1D3-EB13-C13E-F3410A040B63}.Debug|Any CPU.ActiveCfg = Debug|Any CPU
		{521AD7CE-A1D3-EB13-C13E-F3410A040B63}.Debug|Any CPU.Build.0 = Debug|Any CPU
		{521AD7CE-A1D3-EB13-C13E-F3410A040B63}.Release|Any CPU.ActiveCfg = Release|Any CPU
		{521AD7CE-A1D3-EB13-C13E-F3410A040B63}.Release|Any CPU.Build.0 = Release|Any CPU
		{7AB258B5-E453-6C63-0D0F-1361F177FC0E}.Debug|Any CPU.ActiveCfg = Debug|Any CPU
		{7AB258B5-E453-6C63-0D0F-1361F177FC0E}.Debug|Any CPU.Build.0 = Debug|Any CPU
		{7AB258B5-E453-6C63-0D0F-1361F177FC0E}.Release|Any CPU.ActiveCfg = Release|Any CPU
		{7AB258B5-E453-6C63-0D0F-1361F177FC0E}.Release|Any CPU.Build.0 = Release|Any CPU
		{30792C2F-F9E3-937C-E06F-F28B42B8F61E}.Debug|Any CPU.ActiveCfg = Debug|Any CPU
		{30792C2F-F9E3-937C-E06F-F28B42B8F61E}.Debug|Any CPU.Build.0 = Debug|Any CPU
		{30792C2F-F9E3-937C-E06F-F28B42B8F61E}.Release|Any CPU.ActiveCfg = Release|Any CPU
		{30792C2F-F9E3-937C-E06F-F28B42B8F61E}.Release|Any CPU.Build.0 = Release|Any CPU
		{9AB8C4B5-CF65-270E-FF3D-01B4258519BC}.Debug|Any CPU.ActiveCfg = Debug|Any CPU
		{9AB8C4B5-CF65-270E-FF3D-01B4258519BC}.Debug|Any CPU.Build.0 = Debug|Any CPU
		{9AB8C4B5-CF65-270E-FF3D-01B4258519BC}.Release|Any CPU.ActiveCfg = Release|Any CPU
		{9AB8C4B5-CF65-270E-FF3D-01B4258519BC}.Release|Any CPU.Build.0 = Release|Any CPU
		{72161CBB-B1E4-5C8C-78E5-1CC88F7482AA}.Debug|Any CPU.ActiveCfg = Debug|Any CPU
		{72161CBB-B1E4-5C8C-78E5-1CC88F7482AA}.Debug|Any CPU.Build.0 = Debug|Any CPU
		{72161CBB-B1E4-5C8C-78E5-1CC88F7482AA}.Release|Any CPU.ActiveCfg = Release|Any CPU
		{72161CBB-B1E4-5C8C-78E5-1CC88F7482AA}.Release|Any CPU.Build.0 = Release|Any CPU
		{8213E283-D396-893B-6CAD-F0C9364E5199}.Debug|Any CPU.ActiveCfg = Debug|Any CPU
		{8213E283-D396-893B-6CAD-F0C9364E5199}.Debug|Any CPU.Build.0 = Debug|Any CPU
		{8213E283-D396-893B-6CAD-F0C9364E5199}.Release|Any CPU.ActiveCfg = Release|Any CPU
		{8213E283-D396-893B-6CAD-F0C9364E5199}.Release|Any CPU.Build.0 = Release|Any CPU
		{C822DC41-6522-EBF6-07A0-3970000DCC05}.Debug|Any CPU.ActiveCfg = Debug|Any CPU
		{C822DC41-6522-EBF6-07A0-3970000DCC05}.Debug|Any CPU.Build.0 = Debug|Any CPU
		{C822DC41-6522-EBF6-07A0-3970000DCC05}.Release|Any CPU.ActiveCfg = Release|Any CPU
		{C822DC41-6522-EBF6-07A0-3970000DCC05}.Release|Any CPU.Build.0 = Release|Any CPU
		{75BF95A6-A85F-5CB6-E246-2DC9812988D5}.Debug|Any CPU.ActiveCfg = Debug|Any CPU
		{75BF95A6-A85F-5CB6-E246-2DC9812988D5}.Debug|Any CPU.Build.0 = Debug|Any CPU
		{75BF95A6-A85F-5CB6-E246-2DC9812988D5}.Release|Any CPU.ActiveCfg = Release|Any CPU
		{75BF95A6-A85F-5CB6-E246-2DC9812988D5}.Release|Any CPU.Build.0 = Release|Any CPU
		{CAB9B3EB-2416-C35B-84E6-16CEEF82B9A5}.Debug|Any CPU.ActiveCfg = Debug|Any CPU
		{CAB9B3EB-2416-C35B-84E6-16CEEF82B9A5}.Debug|Any CPU.Build.0 = Debug|Any CPU
		{CAB9B3EB-2416-C35B-84E6-16CEEF82B9A5}.Release|Any CPU.ActiveCfg = Release|Any CPU
		{CAB9B3EB-2416-C35B-84E6-16CEEF82B9A5}.Release|Any CPU.Build.0 = Release|Any CPU
		{77B68179-67BF-1C67-78D6-E34ED26F84BD}.Debug|Any CPU.ActiveCfg = Debug|Any CPU
		{77B68179-67BF-1C67-78D6-E34ED26F84BD}.Debug|Any CPU.Build.0 = Debug|Any CPU
		{77B68179-67BF-1C67-78D6-E34ED26F84BD}.Release|Any CPU.ActiveCfg = Release|Any CPU
		{77B68179-67BF-1C67-78D6-E34ED26F84BD}.Release|Any CPU.Build.0 = Release|Any CPU
		{A5357535-F19B-73C7-70E4-FF5C5B482E59}.Debug|Any CPU.ActiveCfg = Debug|Any CPU
		{A5357535-F19B-73C7-70E4-FF5C5B482E59}.Debug|Any CPU.Build.0 = Debug|Any CPU
		{A5357535-F19B-73C7-70E4-FF5C5B482E59}.Release|Any CPU.ActiveCfg = Release|Any CPU
		{A5357535-F19B-73C7-70E4-FF5C5B482E59}.Release|Any CPU.Build.0 = Release|Any CPU
		{6555BFA2-57E5-1D46-4592-09B67A636569}.Debug|Any CPU.ActiveCfg = Debug|Any CPU
		{6555BFA2-57E5-1D46-4592-09B67A636569}.Debug|Any CPU.Build.0 = Debug|Any CPU
		{6555BFA2-57E5-1D46-4592-09B67A636569}.Release|Any CPU.ActiveCfg = Release|Any CPU
		{6555BFA2-57E5-1D46-4592-09B67A636569}.Release|Any CPU.Build.0 = Release|Any CPU
		{EADBC7C1-3550-2F96-F783-B87E8D9C3A45}.Debug|Any CPU.ActiveCfg = Debug|Any CPU
		{EADBC7C1-3550-2F96-F783-B87E8D9C3A45}.Debug|Any CPU.Build.0 = Debug|Any CPU
		{EADBC7C1-3550-2F96-F783-B87E8D9C3A45}.Release|Any CPU.ActiveCfg = Release|Any CPU
		{EADBC7C1-3550-2F96-F783-B87E8D9C3A45}.Release|Any CPU.Build.0 = Release|Any CPU
		{A4A09671-8E6F-65FC-EA84-6FB8B17FE205}.Debug|Any CPU.ActiveCfg = Debug|Any CPU
		{A4A09671-8E6F-65FC-EA84-6FB8B17FE205}.Debug|Any CPU.Build.0 = Debug|Any CPU
		{A4A09671-8E6F-65FC-EA84-6FB8B17FE205}.Release|Any CPU.ActiveCfg = Release|Any CPU
		{A4A09671-8E6F-65FC-EA84-6FB8B17FE205}.Release|Any CPU.Build.0 = Release|Any CPU
		{1EEDA1F5-E089-E31A-B375-57714AF1E5A5}.Debug|Any CPU.ActiveCfg = Debug|Any CPU
		{1EEDA1F5-E089-E31A-B375-57714AF1E5A5}.Debug|Any CPU.Build.0 = Debug|Any CPU
		{1EEDA1F5-E089-E31A-B375-57714AF1E5A5}.Release|Any CPU.ActiveCfg = Release|Any CPU
		{1EEDA1F5-E089-E31A-B375-57714AF1E5A5}.Release|Any CPU.Build.0 = Release|Any CPU
		{1EA39EB5-37AB-4735-378F-2EC2EE998903}.Debug|Any CPU.ActiveCfg = Debug|Any CPU
		{1EA39EB5-37AB-4735-378F-2EC2EE998903}.Debug|Any CPU.Build.0 = Debug|Any CPU
		{1EA39EB5-37AB-4735-378F-2EC2EE998903}.Release|Any CPU.ActiveCfg = Release|Any CPU
		{1EA39EB5-37AB-4735-378F-2EC2EE998903}.Release|Any CPU.Build.0 = Release|Any CPU
		{ADC812E8-2B4A-D7CF-4A48-2A5D4E06EC40}.Debug|Any CPU.ActiveCfg = Debug|Any CPU
		{ADC812E8-2B4A-D7CF-4A48-2A5D4E06EC40}.Debug|Any CPU.Build.0 = Debug|Any CPU
		{ADC812E8-2B4A-D7CF-4A48-2A5D4E06EC40}.Release|Any CPU.ActiveCfg = Release|Any CPU
		{ADC812E8-2B4A-D7CF-4A48-2A5D4E06EC40}.Release|Any CPU.Build.0 = Release|Any CPU
		{D3FA8CC8-1FB3-E6ED-5AC1-37838935FB98}.Debug|Any CPU.ActiveCfg = Debug|Any CPU
		{D3FA8CC8-1FB3-E6ED-5AC1-37838935FB98}.Debug|Any CPU.Build.0 = Debug|Any CPU
		{D3FA8CC8-1FB3-E6ED-5AC1-37838935FB98}.Release|Any CPU.ActiveCfg = Release|Any CPU
		{D3FA8CC8-1FB3-E6ED-5AC1-37838935FB98}.Release|Any CPU.Build.0 = Release|Any CPU
		{AA9B59B8-2DF9-0F73-1971-CE508955FA32}.Debug|Any CPU.ActiveCfg = Debug|Any CPU
		{AA9B59B8-2DF9-0F73-1971-CE508955FA32}.Debug|Any CPU.Build.0 = Debug|Any CPU
		{AA9B59B8-2DF9-0F73-1971-CE508955FA32}.Release|Any CPU.ActiveCfg = Release|Any CPU
		{AA9B59B8-2DF9-0F73-1971-CE508955FA32}.Release|Any CPU.Build.0 = Release|Any CPU
		{4B266871-B56A-FBDC-B094-2C7556E38470}.Debug|Any CPU.ActiveCfg = Debug|Any CPU
		{4B266871-B56A-FBDC-B094-2C7556E38470}.Debug|Any CPU.Build.0 = Debug|Any CPU
		{4B266871-B56A-FBDC-B094-2C7556E38470}.Release|Any CPU.ActiveCfg = Release|Any CPU
		{4B266871-B56A-FBDC-B094-2C7556E38470}.Release|Any CPU.Build.0 = Release|Any CPU
		{8F5C3805-149E-DD96-9FC6-A814A7282E95}.Debug|Any CPU.ActiveCfg = Debug|Any CPU
		{8F5C3805-149E-DD96-9FC6-A814A7282E95}.Debug|Any CPU.Build.0 = Debug|Any CPU
		{8F5C3805-149E-DD96-9FC6-A814A7282E95}.Release|Any CPU.ActiveCfg = Release|Any CPU
		{8F5C3805-149E-DD96-9FC6-A814A7282E95}.Release|Any CPU.Build.0 = Release|Any CPU
		{106A700B-20A6-DC36-C842-3957F75EB8AD}.Debug|Any CPU.ActiveCfg = Debug|Any CPU
		{106A700B-20A6-DC36-C842-3957F75EB8AD}.Debug|Any CPU.Build.0 = Debug|Any CPU
		{106A700B-20A6-DC36-C842-3957F75EB8AD}.Release|Any CPU.ActiveCfg = Release|Any CPU
		{106A700B-20A6-DC36-C842-3957F75EB8AD}.Release|Any CPU.Build.0 = Release|Any CPU
		{02C0442F-7CF5-6D21-2421-0DEED9DDBDE6}.Debug|Any CPU.ActiveCfg = Debug|Any CPU
		{02C0442F-7CF5-6D21-2421-0DEED9DDBDE6}.Debug|Any CPU.Build.0 = Debug|Any CPU
		{02C0442F-7CF5-6D21-2421-0DEED9DDBDE6}.Release|Any CPU.ActiveCfg = Release|Any CPU
		{02C0442F-7CF5-6D21-2421-0DEED9DDBDE6}.Release|Any CPU.Build.0 = Release|Any CPU
		{0C94F432-0B66-ACC5-7E4D-29F33BA90990}.Debug|Any CPU.ActiveCfg = Debug|Any CPU
		{0C94F432-0B66-ACC5-7E4D-29F33BA90990}.Debug|Any CPU.Build.0 = Debug|Any CPU
		{0C94F432-0B66-ACC5-7E4D-29F33BA90990}.Release|Any CPU.ActiveCfg = Release|Any CPU
		{0C94F432-0B66-ACC5-7E4D-29F33BA90990}.Release|Any CPU.Build.0 = Release|Any CPU
		{55273F7D-89D8-F3ED-EC95-95BC51AE6E86}.Debug|Any CPU.ActiveCfg = Debug|Any CPU
		{55273F7D-89D8-F3ED-EC95-95BC51AE6E86}.Debug|Any CPU.Build.0 = Debug|Any CPU
		{55273F7D-89D8-F3ED-EC95-95BC51AE6E86}.Release|Any CPU.ActiveCfg = Release|Any CPU
		{55273F7D-89D8-F3ED-EC95-95BC51AE6E86}.Release|Any CPU.Build.0 = Release|Any CPU
		{2F4AA551-3DB0-B004-8ED5-503F52295AC4}.Debug|Any CPU.ActiveCfg = Debug|Any CPU
		{2F4AA551-3DB0-B004-8ED5-503F52295AC4}.Debug|Any CPU.Build.0 = Debug|Any CPU
		{2F4AA551-3DB0-B004-8ED5-503F52295AC4}.Release|Any CPU.ActiveCfg = Release|Any CPU
		{2F4AA551-3DB0-B004-8ED5-503F52295AC4}.Release|Any CPU.Build.0 = Release|Any CPU
		{FEC4532E-EBDB-6419-B874-79BA6B5DD62F}.Debug|Any CPU.ActiveCfg = Debug|Any CPU
		{FEC4532E-EBDB-6419-B874-79BA6B5DD62F}.Debug|Any CPU.Build.0 = Debug|Any CPU
		{FEC4532E-EBDB-6419-B874-79BA6B5DD62F}.Release|Any CPU.ActiveCfg = Release|Any CPU
		{FEC4532E-EBDB-6419-B874-79BA6B5DD62F}.Release|Any CPU.Build.0 = Release|Any CPU
		{CB833670-F15B-EB0F-7D48-DF354192B3B2}.Debug|Any CPU.ActiveCfg = Debug|Any CPU
		{CB833670-F15B-EB0F-7D48-DF354192B3B2}.Debug|Any CPU.Build.0 = Debug|Any CPU
		{CB833670-F15B-EB0F-7D48-DF354192B3B2}.Release|Any CPU.ActiveCfg = Release|Any CPU
		{CB833670-F15B-EB0F-7D48-DF354192B3B2}.Release|Any CPU.Build.0 = Release|Any CPU
		{34F741C0-0B25-1DED-B3EE-BEF4368C877B}.Debug|Any CPU.ActiveCfg = Debug|Any CPU
		{34F741C0-0B25-1DED-B3EE-BEF4368C877B}.Debug|Any CPU.Build.0 = Debug|Any CPU
		{34F741C0-0B25-1DED-B3EE-BEF4368C877B}.Release|Any CPU.ActiveCfg = Release|Any CPU
		{34F741C0-0B25-1DED-B3EE-BEF4368C877B}.Release|Any CPU.Build.0 = Release|Any CPU
		{037CBCF3-0084-95F4-D43F-F2D61FF70DE7}.Debug|Any CPU.ActiveCfg = Debug|Any CPU
		{037CBCF3-0084-95F4-D43F-F2D61FF70DE7}.Debug|Any CPU.Build.0 = Debug|Any CPU
		{037CBCF3-0084-95F4-D43F-F2D61FF70DE7}.Release|Any CPU.ActiveCfg = Release|Any CPU
		{037CBCF3-0084-95F4-D43F-F2D61FF70DE7}.Release|Any CPU.Build.0 = Release|Any CPU
	EndGlobalSection
	GlobalSection(SolutionProperties) = preSolution
		HideSolutionNode = FALSE
	EndGlobalSection
EndGlobal
